// !$*UTF8*$!
{
	archiveVersion = 1;
	classes = {
	};
	objectVersion = 77;
	objects = {

/* Begin PBXBuildFile section */
		FA107CBE2CC3C0C60097138E /* Alamofire in Frameworks */ = {isa = PBXBuildFile; productRef = FA107CBD2CC3C0C60097138E /* Alamofire */; };
		FA2AE18B2CD42C7E00E09E41 /* SFSymbolsPicker in Frameworks */ = {isa = PBXBuildFile; productRef = FA2AE18A2CD42C7E00E09E41 /* SFSymbolsPicker */; };
		FA2AE18E2CD43A4400E09E41 /* SymbolPicker in Frameworks */ = {isa = PBXBuildFile; productRef = FA2AE18D2CD43A4400E09E41 /* SymbolPicker */; };
		FA49E22A2CE0EEF200ADE397 /* SchoolHubWatch Watch App.app in Embed Watch Content */ = {isa = PBXBuildFile; fileRef = FA49E21D2CE0EEF100ADE397 /* SchoolHubWatch Watch App.app */; platformFilter = ios; settings = {ATTRIBUTES = (RemoveHeadersOnCopy, ); }; };
		FA71410E2CD76FA300CA5F8A /* WidgetKit.framework in Frameworks */ = {isa = PBXBuildFile; fileRef = FA71410D2CD76FA200CA5F8A /* WidgetKit.framework */; };
		FA7141102CD76FA300CA5F8A /* SwiftUI.framework in Frameworks */ = {isa = PBXBuildFile; fileRef = FA71410F2CD76FA300CA5F8A /* SwiftUI.framework */; };
		FA71411D2CD76FA400CA5F8A /* WidgetsExtension.appex in Embed Foundation Extensions */ = {isa = PBXBuildFile; fileRef = FA71410C2CD76FA200CA5F8A /* WidgetsExtension.appex */; settings = {ATTRIBUTES = (RemoveHeadersOnCopy, ); }; };
/* End PBXBuildFile section */

/* Begin PBXContainerItemProxy section */
		FA49E2282CE0EEF200ADE397 /* PBXContainerItemProxy */ = {
			isa = PBXContainerItemProxy;
			containerPortal = FA6C53D62CBB038900A63670 /* Project object */;
			proxyType = 1;
			remoteGlobalIDString = FA49E21C2CE0EEF100ADE397;
			remoteInfo = "SchoolHubWatch Watch App";
		};
		FA71411B2CD76FA400CA5F8A /* PBXContainerItemProxy */ = {
			isa = PBXContainerItemProxy;
			containerPortal = FA6C53D62CBB038900A63670 /* Project object */;
			proxyType = 1;
			remoteGlobalIDString = FA71410B2CD76FA200CA5F8A;
			remoteInfo = WidgetsExtension;
		};
/* End PBXContainerItemProxy section */

/* Begin PBXCopyFilesBuildPhase section */
		FA107CB62CC3BE640097138E /* Embed Watch Content */ = {
			isa = PBXCopyFilesBuildPhase;
			buildActionMask = 2147483647;
			dstPath = "$(CONTENTS_FOLDER_PATH)/Watch";
			dstSubfolderSpec = 16;
			files = (
				FA49E22A2CE0EEF200ADE397 /* SchoolHubWatch Watch App.app in Embed Watch Content */,
			);
			name = "Embed Watch Content";
			runOnlyForDeploymentPostprocessing = 0;
		};
		FA107CD62CC3C2160097138E /* Embed Frameworks */ = {
			isa = PBXCopyFilesBuildPhase;
			buildActionMask = 2147483647;
			dstPath = "";
			dstSubfolderSpec = 10;
			files = (
			);
			name = "Embed Frameworks";
			runOnlyForDeploymentPostprocessing = 0;
		};
		FA71411E2CD76FA400CA5F8A /* Embed Foundation Extensions */ = {
			isa = PBXCopyFilesBuildPhase;
			buildActionMask = 2147483647;
			dstPath = "";
			dstSubfolderSpec = 13;
			files = (
				FA71411D2CD76FA400CA5F8A /* WidgetsExtension.appex in Embed Foundation Extensions */,
			);
			name = "Embed Foundation Extensions";
			runOnlyForDeploymentPostprocessing = 0;
		};
/* End PBXCopyFilesBuildPhase section */

/* Begin PBXFileReference section */
		FA49E21D2CE0EEF100ADE397 /* SchoolHubWatch Watch App.app */ = {isa = PBXFileReference; explicitFileType = wrapper.application; includeInIndex = 0; path = "SchoolHubWatch Watch App.app"; sourceTree = BUILT_PRODUCTS_DIR; };
		FA6C53DE2CBB038900A63670 /* SchoolHub.app */ = {isa = PBXFileReference; explicitFileType = wrapper.application; includeInIndex = 0; path = SchoolHub.app; sourceTree = BUILT_PRODUCTS_DIR; };
		FA71410C2CD76FA200CA5F8A /* WidgetsExtension.appex */ = {isa = PBXFileReference; explicitFileType = "wrapper.app-extension"; includeInIndex = 0; path = WidgetsExtension.appex; sourceTree = BUILT_PRODUCTS_DIR; };
		FA71410D2CD76FA200CA5F8A /* WidgetKit.framework */ = {isa = PBXFileReference; lastKnownFileType = wrapper.framework; name = WidgetKit.framework; path = System/Library/Frameworks/WidgetKit.framework; sourceTree = SDKROOT; };
		FA71410F2CD76FA300CA5F8A /* SwiftUI.framework */ = {isa = PBXFileReference; lastKnownFileType = wrapper.framework; name = SwiftUI.framework; path = System/Library/Frameworks/SwiftUI.framework; sourceTree = SDKROOT; };
		FADFE9A22CD77BD500E3EB71 /* WidgetsExtension.entitlements */ = {isa = PBXFileReference; lastKnownFileType = text.plist.entitlements; path = WidgetsExtension.entitlements; sourceTree = "<group>"; };
/* End PBXFileReference section */

/* Begin PBXFileSystemSynchronizedBuildFileExceptionSet section */
		FA2168622CDFBDDC00B94EA0 /* Exceptions for "SchoolHub" folder in "SchoolHub" target */ = {
			isa = PBXFileSystemSynchronizedBuildFileExceptionSet;
			membershipExceptions = (
				Info.plist,
			);
			target = FA6C53DD2CBB038900A63670 /* SchoolHub */;
		};
		FA49E2372CE0F21E00ADE397 /* Exceptions for "SchoolHub" folder in "SchoolHubWatch Watch App" target */ = {
			isa = PBXFileSystemSynchronizedBuildFileExceptionSet;
			membershipExceptions = (
				Extensions/CalendarExtension.swift,
				Extensions/DateExtension.swift,
				Extensions/DoubleExtension.swift,
				Features/Common/Models/Absence.swift,
				Features/Common/Models/CodableDTOs.swift,
				Features/Common/Models/Grade.swift,
				Features/Common/Models/Subject.swift,
				Features/Common/Models/TimeSlot.swift,
				Features/Common/Models/Weekday.swift,
			);
			target = FA49E21C2CE0EEF100ADE397 /* SchoolHubWatch Watch App */;
		};
		FA7141212CD76FA400CA5F8A /* Exceptions for "Widgets" folder in "WidgetsExtension" target */ = {
			isa = PBXFileSystemSynchronizedBuildFileExceptionSet;
			membershipExceptions = (
				Info.plist,
			);
			target = FA71410B2CD76FA200CA5F8A /* WidgetsExtension */;
		};
		FADFE9A92CD77C8D00E3EB71 /* Exceptions for "SchoolHub" folder in "WidgetsExtension" target */ = {
			isa = PBXFileSystemSynchronizedBuildFileExceptionSet;
			membershipExceptions = (
				Extensions/CalendarExtension.swift,
				Extensions/DateExtension.swift,
				Extensions/DoubleExtension.swift,
				Features/Common/Models/Absence.swift,
				Features/Common/Models/Grade.swift,
				Features/Common/Models/Subject.swift,
				Features/Common/Models/TimeSlot.swift,
				Features/Common/Models/Weekday.swift,
			);
			target = FA71410B2CD76FA200CA5F8A /* WidgetsExtension */;
		};
/* End PBXFileSystemSynchronizedBuildFileExceptionSet section */

/* Begin PBXFileSystemSynchronizedRootGroup section */
		FA49E21E2CE0EEF100ADE397 /* SchoolHubWatch Watch App */ = {
			isa = PBXFileSystemSynchronizedRootGroup;
			path = "SchoolHubWatch Watch App";
			sourceTree = "<group>";
		};
		FA6C53E02CBB038900A63670 /* SchoolHub */ = {
			isa = PBXFileSystemSynchronizedRootGroup;
			exceptions = (
				FA2168622CDFBDDC00B94EA0 /* Exceptions for "SchoolHub" folder in "SchoolHub" target */,
				FADFE9A92CD77C8D00E3EB71 /* Exceptions for "SchoolHub" folder in "WidgetsExtension" target */,
				FA49E2372CE0F21E00ADE397 /* Exceptions for "SchoolHub" folder in "SchoolHubWatch Watch App" target */,
			);
			path = SchoolHub;
			sourceTree = "<group>";
		};
		FA7141112CD76FA300CA5F8A /* Widgets */ = {
			isa = PBXFileSystemSynchronizedRootGroup;
			exceptions = (
				FA7141212CD76FA400CA5F8A /* Exceptions for "Widgets" folder in "WidgetsExtension" target */,
			);
			path = Widgets;
			sourceTree = "<group>";
		};
/* End PBXFileSystemSynchronizedRootGroup section */

/* Begin PBXFrameworksBuildPhase section */
		FA49E21A2CE0EEF100ADE397 /* Frameworks */ = {
			isa = PBXFrameworksBuildPhase;
			buildActionMask = 2147483647;
			files = (
			);
			runOnlyForDeploymentPostprocessing = 0;
		};
		FA6C53DB2CBB038900A63670 /* Frameworks */ = {
			isa = PBXFrameworksBuildPhase;
			buildActionMask = 2147483647;
			files = (
				FA107CBE2CC3C0C60097138E /* Alamofire in Frameworks */,
				FA2AE18B2CD42C7E00E09E41 /* SFSymbolsPicker in Frameworks */,
				FA2AE18E2CD43A4400E09E41 /* SymbolPicker in Frameworks */,
			);
			runOnlyForDeploymentPostprocessing = 0;
		};
		FA7141092CD76FA200CA5F8A /* Frameworks */ = {
			isa = PBXFrameworksBuildPhase;
			buildActionMask = 2147483647;
			files = (
				FA7141102CD76FA300CA5F8A /* SwiftUI.framework in Frameworks */,
				FA71410E2CD76FA300CA5F8A /* WidgetKit.framework in Frameworks */,
			);
			runOnlyForDeploymentPostprocessing = 0;
		};
/* End PBXFrameworksBuildPhase section */

/* Begin PBXGroup section */
		FA107CBF2CC3C0D90097138E /* Frameworks */ = {
			isa = PBXGroup;
			children = (
				FA71410D2CD76FA200CA5F8A /* WidgetKit.framework */,
				FA71410F2CD76FA300CA5F8A /* SwiftUI.framework */,
			);
			name = Frameworks;
			sourceTree = "<group>";
		};
		FA6C53D52CBB038900A63670 = {
			isa = PBXGroup;
			children = (
				FA6C53E02CBB038900A63670 /* SchoolHub */,
				FA7141112CD76FA300CA5F8A /* Widgets */,
				FA49E21E2CE0EEF100ADE397 /* SchoolHubWatch Watch App */,
				FA107CBF2CC3C0D90097138E /* Frameworks */,
				FA6C53DF2CBB038900A63670 /* Products */,
				FADFE9A22CD77BD500E3EB71 /* WidgetsExtension.entitlements */,
			);
			sourceTree = "<group>";
		};
		FA6C53DF2CBB038900A63670 /* Products */ = {
			isa = PBXGroup;
			children = (
				FA6C53DE2CBB038900A63670 /* SchoolHub.app */,
				FA71410C2CD76FA200CA5F8A /* WidgetsExtension.appex */,
				FA49E21D2CE0EEF100ADE397 /* SchoolHubWatch Watch App.app */,
			);
			name = Products;
			sourceTree = "<group>";
		};
/* End PBXGroup section */

/* Begin PBXNativeTarget section */
		FA49E21C2CE0EEF100ADE397 /* SchoolHubWatch Watch App */ = {
			isa = PBXNativeTarget;
			buildConfigurationList = FA49E22D2CE0EEF200ADE397 /* Build configuration list for PBXNativeTarget "SchoolHubWatch Watch App" */;
			buildPhases = (
				FA49E2192CE0EEF100ADE397 /* Sources */,
				FA49E21A2CE0EEF100ADE397 /* Frameworks */,
				FA49E21B2CE0EEF100ADE397 /* Resources */,
			);
			buildRules = (
			);
			dependencies = (
			);
			fileSystemSynchronizedGroups = (
				FA49E21E2CE0EEF100ADE397 /* SchoolHubWatch Watch App */,
			);
			name = "SchoolHubWatch Watch App";
			packageProductDependencies = (
			);
			productName = "SchoolHubWatch Watch App";
			productReference = FA49E21D2CE0EEF100ADE397 /* SchoolHubWatch Watch App.app */;
			productType = "com.apple.product-type.application";
		};
		FA6C53DD2CBB038900A63670 /* SchoolHub */ = {
			isa = PBXNativeTarget;
			buildConfigurationList = FA6C53EC2CBB038A00A63670 /* Build configuration list for PBXNativeTarget "SchoolHub" */;
			buildPhases = (
				FA6C53DA2CBB038900A63670 /* Sources */,
				FA6C53DB2CBB038900A63670 /* Frameworks */,
				FA6C53DC2CBB038900A63670 /* Resources */,
				FA107CB62CC3BE640097138E /* Embed Watch Content */,
				FA107CD62CC3C2160097138E /* Embed Frameworks */,
				FA71411E2CD76FA400CA5F8A /* Embed Foundation Extensions */,
			);
			buildRules = (
			);
			dependencies = (
				FA71411C2CD76FA400CA5F8A /* PBXTargetDependency */,
				FA49E2292CE0EEF200ADE397 /* PBXTargetDependency */,
			);
			fileSystemSynchronizedGroups = (
				FA6C53E02CBB038900A63670 /* SchoolHub */,
			);
			name = SchoolHub;
			packageProductDependencies = (
				FA107CBD2CC3C0C60097138E /* Alamofire */,
				FA2AE18A2CD42C7E00E09E41 /* SFSymbolsPicker */,
				FA2AE18D2CD43A4400E09E41 /* SymbolPicker */,
			);
			productName = SchoolHub;
			productReference = FA6C53DE2CBB038900A63670 /* SchoolHub.app */;
			productType = "com.apple.product-type.application";
		};
		FA71410B2CD76FA200CA5F8A /* WidgetsExtension */ = {
			isa = PBXNativeTarget;
			buildConfigurationList = FA7141222CD76FA400CA5F8A /* Build configuration list for PBXNativeTarget "WidgetsExtension" */;
			buildPhases = (
				FA7141082CD76FA200CA5F8A /* Sources */,
				FA7141092CD76FA200CA5F8A /* Frameworks */,
				FA71410A2CD76FA200CA5F8A /* Resources */,
			);
			buildRules = (
			);
			dependencies = (
			);
			fileSystemSynchronizedGroups = (
				FA7141112CD76FA300CA5F8A /* Widgets */,
			);
			name = WidgetsExtension;
			packageProductDependencies = (
			);
			productName = WidgetsExtension;
			productReference = FA71410C2CD76FA200CA5F8A /* WidgetsExtension.appex */;
			productType = "com.apple.product-type.app-extension";
		};
/* End PBXNativeTarget section */

/* Begin PBXProject section */
		FA6C53D62CBB038900A63670 /* Project object */ = {
			isa = PBXProject;
			attributes = {
				BuildIndependentTargetsInParallel = 1;
				LastSwiftUpdateCheck = 1610;
				LastUpgradeCheck = 1610;
				TargetAttributes = {
					FA49E21C2CE0EEF100ADE397 = {
						CreatedOnToolsVersion = 16.1;
					};
					FA6C53DD2CBB038900A63670 = {
						CreatedOnToolsVersion = 16.1;
					};
					FA71410B2CD76FA200CA5F8A = {
						CreatedOnToolsVersion = 16.1;
					};
				};
			};
			buildConfigurationList = FA6C53D92CBB038900A63670 /* Build configuration list for PBXProject "SchoolHub" */;
			developmentRegion = en;
			hasScannedForEncodings = 0;
			knownRegions = (
				en,
				Base,
			);
			mainGroup = FA6C53D52CBB038900A63670;
			minimizedProjectReferenceProxies = 1;
			packageReferences = (
				FA6C53F72CBBA53D00A63670 /* XCRemoteSwiftPackageReference "SwiftLintPlugins" */,
				FA107CBC2CC3C0C60097138E /* XCRemoteSwiftPackageReference "Alamofire" */,
				FA2AE1892CD42C7E00E09E41 /* XCRemoteSwiftPackageReference "SFSymbolsPicker" */,
				FA2AE18C2CD43A4400E09E41 /* XCRemoteSwiftPackageReference "SymbolPicker" */,
			);
			preferredProjectObjectVersion = 77;
			productRefGroup = FA6C53DF2CBB038900A63670 /* Products */;
			projectDirPath = "";
			projectRoot = "";
			targets = (
				FA6C53DD2CBB038900A63670 /* SchoolHub */,
				FA71410B2CD76FA200CA5F8A /* WidgetsExtension */,
				FA49E21C2CE0EEF100ADE397 /* SchoolHubWatch Watch App */,
			);
		};
/* End PBXProject section */

/* Begin PBXResourcesBuildPhase section */
		FA49E21B2CE0EEF100ADE397 /* Resources */ = {
			isa = PBXResourcesBuildPhase;
			buildActionMask = 2147483647;
			files = (
			);
			runOnlyForDeploymentPostprocessing = 0;
		};
		FA6C53DC2CBB038900A63670 /* Resources */ = {
			isa = PBXResourcesBuildPhase;
			buildActionMask = 2147483647;
			files = (
			);
			runOnlyForDeploymentPostprocessing = 0;
		};
		FA71410A2CD76FA200CA5F8A /* Resources */ = {
			isa = PBXResourcesBuildPhase;
			buildActionMask = 2147483647;
			files = (
			);
			runOnlyForDeploymentPostprocessing = 0;
		};
/* End PBXResourcesBuildPhase section */

/* Begin PBXSourcesBuildPhase section */
		FA49E2192CE0EEF100ADE397 /* Sources */ = {
			isa = PBXSourcesBuildPhase;
			buildActionMask = 2147483647;
			files = (
			);
			runOnlyForDeploymentPostprocessing = 0;
		};
		FA6C53DA2CBB038900A63670 /* Sources */ = {
			isa = PBXSourcesBuildPhase;
			buildActionMask = 2147483647;
			files = (
			);
			runOnlyForDeploymentPostprocessing = 0;
		};
		FA7141082CD76FA200CA5F8A /* Sources */ = {
			isa = PBXSourcesBuildPhase;
			buildActionMask = 2147483647;
			files = (
			);
			runOnlyForDeploymentPostprocessing = 0;
		};
/* End PBXSourcesBuildPhase section */

/* Begin PBXTargetDependency section */
		FA49E2292CE0EEF200ADE397 /* PBXTargetDependency */ = {
			isa = PBXTargetDependency;
			platformFilter = ios;
			target = FA49E21C2CE0EEF100ADE397 /* SchoolHubWatch Watch App */;
			targetProxy = FA49E2282CE0EEF200ADE397 /* PBXContainerItemProxy */;
		};
		FA71411C2CD76FA400CA5F8A /* PBXTargetDependency */ = {
			isa = PBXTargetDependency;
			target = FA71410B2CD76FA200CA5F8A /* WidgetsExtension */;
			targetProxy = FA71411B2CD76FA400CA5F8A /* PBXContainerItemProxy */;
		};
/* End PBXTargetDependency section */

/* Begin XCBuildConfiguration section */
		FA49E22B2CE0EEF200ADE397 /* Debug */ = {
			isa = XCBuildConfiguration;
			buildSettings = {
				ASSETCATALOG_COMPILER_APPICON_NAME = AppIcon;
				ASSETCATALOG_COMPILER_GLOBAL_ACCENT_COLOR_NAME = AccentColor;
				CODE_SIGN_ENTITLEMENTS = "SchoolHubWatch Watch App/SchoolHubWatch Watch App.entitlements";
				CODE_SIGN_IDENTITY = "Apple Development";
				CODE_SIGN_STYLE = Automatic;
				CURRENT_PROJECT_VERSION = 1;
				DEVELOPMENT_ASSET_PATHS = "\"SchoolHubWatch Watch App/Preview Content\"";
				DEVELOPMENT_TEAM = 4ZW39N29FM;
				ENABLE_PREVIEWS = YES;
				GENERATE_INFOPLIST_FILE = YES;
				INFOPLIST_FILE = "SchoolHubWatch-Watch-App-Info.plist";
				INFOPLIST_KEY_CFBundleDisplayName = SchoolHubWatch;
				INFOPLIST_KEY_UISupportedInterfaceOrientations = "UIInterfaceOrientationPortrait UIInterfaceOrientationPortraitUpsideDown";
				INFOPLIST_KEY_WKCompanionAppBundleIdentifier = ro.attractivestar.SchoolHubMobile;
				LD_RUNPATH_SEARCH_PATHS = (
					"$(inherited)",
					"@executable_path/Frameworks",
				);
				MARKETING_VERSION = 1.0;
				PRODUCT_BUNDLE_IDENTIFIER = ro.attractivestar.SchoolHubMobile.watchkitapp;
				PRODUCT_NAME = "$(TARGET_NAME)";
				SDKROOT = watchos;
				SKIP_INSTALL = YES;
				SWIFT_EMIT_LOC_STRINGS = YES;
				SWIFT_VERSION = 5.0;
				TARGETED_DEVICE_FAMILY = 4;
				WATCHOS_DEPLOYMENT_TARGET = 11.1;
			};
			name = Debug;
		};
		FA49E22C2CE0EEF200ADE397 /* Release */ = {
			isa = XCBuildConfiguration;
			buildSettings = {
				ASSETCATALOG_COMPILER_APPICON_NAME = AppIcon;
				ASSETCATALOG_COMPILER_GLOBAL_ACCENT_COLOR_NAME = AccentColor;
				CODE_SIGN_ENTITLEMENTS = "SchoolHubWatch Watch App/SchoolHubWatch Watch App.entitlements";
				CODE_SIGN_IDENTITY = "Apple Development";
				CODE_SIGN_STYLE = Automatic;
				CURRENT_PROJECT_VERSION = 1;
				DEVELOPMENT_ASSET_PATHS = "\"SchoolHubWatch Watch App/Preview Content\"";
				DEVELOPMENT_TEAM = 4ZW39N29FM;
				ENABLE_PREVIEWS = YES;
				GENERATE_INFOPLIST_FILE = YES;
				INFOPLIST_FILE = "SchoolHubWatch-Watch-App-Info.plist";
				INFOPLIST_KEY_CFBundleDisplayName = SchoolHubWatch;
				INFOPLIST_KEY_UISupportedInterfaceOrientations = "UIInterfaceOrientationPortrait UIInterfaceOrientationPortraitUpsideDown";
				INFOPLIST_KEY_WKCompanionAppBundleIdentifier = ro.attractivestar.SchoolHubMobile;
				LD_RUNPATH_SEARCH_PATHS = (
					"$(inherited)",
					"@executable_path/Frameworks",
				);
				MARKETING_VERSION = 1.0;
				PRODUCT_BUNDLE_IDENTIFIER = ro.attractivestar.SchoolHubMobile.watchkitapp;
				PRODUCT_NAME = "$(TARGET_NAME)";
				SDKROOT = watchos;
				SKIP_INSTALL = YES;
				SWIFT_EMIT_LOC_STRINGS = YES;
				SWIFT_VERSION = 5.0;
				TARGETED_DEVICE_FAMILY = 4;
				WATCHOS_DEPLOYMENT_TARGET = 11.1;
			};
			name = Release;
		};
		FA6C53EA2CBB038A00A63670 /* Debug */ = {
			isa = XCBuildConfiguration;
			buildSettings = {
				ALWAYS_SEARCH_USER_PATHS = NO;
				ASSETCATALOG_COMPILER_GENERATE_SWIFT_ASSET_SYMBOL_EXTENSIONS = YES;
				CLANG_ANALYZER_NONNULL = YES;
				CLANG_ANALYZER_NUMBER_OBJECT_CONVERSION = YES_AGGRESSIVE;
				CLANG_CXX_LANGUAGE_STANDARD = "gnu++20";
				CLANG_ENABLE_MODULES = YES;
				CLANG_ENABLE_OBJC_ARC = YES;
				CLANG_ENABLE_OBJC_WEAK = YES;
				CLANG_WARN_BLOCK_CAPTURE_AUTORELEASING = YES;
				CLANG_WARN_BOOL_CONVERSION = YES;
				CLANG_WARN_COMMA = YES;
				CLANG_WARN_CONSTANT_CONVERSION = YES;
				CLANG_WARN_DEPRECATED_OBJC_IMPLEMENTATIONS = YES;
				CLANG_WARN_DIRECT_OBJC_ISA_USAGE = YES_ERROR;
				CLANG_WARN_DOCUMENTATION_COMMENTS = YES;
				CLANG_WARN_EMPTY_BODY = YES;
				CLANG_WARN_ENUM_CONVERSION = YES;
				CLANG_WARN_INFINITE_RECURSION = YES;
				CLANG_WARN_INT_CONVERSION = YES;
				CLANG_WARN_NON_LITERAL_NULL_CONVERSION = YES;
				CLANG_WARN_OBJC_IMPLICIT_RETAIN_SELF = YES;
				CLANG_WARN_OBJC_LITERAL_CONVERSION = YES;
				CLANG_WARN_OBJC_ROOT_CLASS = YES_ERROR;
				CLANG_WARN_QUOTED_INCLUDE_IN_FRAMEWORK_HEADER = YES;
				CLANG_WARN_RANGE_LOOP_ANALYSIS = YES;
				CLANG_WARN_STRICT_PROTOTYPES = YES;
				CLANG_WARN_SUSPICIOUS_MOVE = YES;
				CLANG_WARN_UNGUARDED_AVAILABILITY = YES_AGGRESSIVE;
				CLANG_WARN_UNREACHABLE_CODE = YES;
				CLANG_WARN__DUPLICATE_METHOD_MATCH = YES;
				COPY_PHASE_STRIP = NO;
				DEBUG_INFORMATION_FORMAT = dwarf;
				ENABLE_STRICT_OBJC_MSGSEND = YES;
				ENABLE_TESTABILITY = YES;
				ENABLE_USER_SCRIPT_SANDBOXING = YES;
				GCC_C_LANGUAGE_STANDARD = gnu17;
				GCC_DYNAMIC_NO_PIC = NO;
				GCC_NO_COMMON_BLOCKS = YES;
				GCC_OPTIMIZATION_LEVEL = 0;
				GCC_PREPROCESSOR_DEFINITIONS = (
					"DEBUG=1",
					"$(inherited)",
				);
				GCC_WARN_64_TO_32_BIT_CONVERSION = YES;
				GCC_WARN_ABOUT_RETURN_TYPE = YES_ERROR;
				GCC_WARN_UNDECLARED_SELECTOR = YES;
				GCC_WARN_UNINITIALIZED_AUTOS = YES_AGGRESSIVE;
				GCC_WARN_UNUSED_FUNCTION = YES;
				GCC_WARN_UNUSED_VARIABLE = YES;
				IPHONEOS_DEPLOYMENT_TARGET = 18.1;
				LOCALIZATION_PREFERS_STRING_CATALOGS = YES;
				MTL_ENABLE_DEBUG_INFO = INCLUDE_SOURCE;
				MTL_FAST_MATH = YES;
				ONLY_ACTIVE_ARCH = YES;
				SDKROOT = iphoneos;
				SWIFT_ACTIVE_COMPILATION_CONDITIONS = "DEBUG $(inherited)";
				SWIFT_EMIT_LOC_STRINGS = YES;
				SWIFT_OPTIMIZATION_LEVEL = "-Onone";
			};
			name = Debug;
		};
		FA6C53EB2CBB038A00A63670 /* Release */ = {
			isa = XCBuildConfiguration;
			buildSettings = {
				ALWAYS_SEARCH_USER_PATHS = NO;
				ASSETCATALOG_COMPILER_GENERATE_SWIFT_ASSET_SYMBOL_EXTENSIONS = YES;
				CLANG_ANALYZER_NONNULL = YES;
				CLANG_ANALYZER_NUMBER_OBJECT_CONVERSION = YES_AGGRESSIVE;
				CLANG_CXX_LANGUAGE_STANDARD = "gnu++20";
				CLANG_ENABLE_MODULES = YES;
				CLANG_ENABLE_OBJC_ARC = YES;
				CLANG_ENABLE_OBJC_WEAK = YES;
				CLANG_WARN_BLOCK_CAPTURE_AUTORELEASING = YES;
				CLANG_WARN_BOOL_CONVERSION = YES;
				CLANG_WARN_COMMA = YES;
				CLANG_WARN_CONSTANT_CONVERSION = YES;
				CLANG_WARN_DEPRECATED_OBJC_IMPLEMENTATIONS = YES;
				CLANG_WARN_DIRECT_OBJC_ISA_USAGE = YES_ERROR;
				CLANG_WARN_DOCUMENTATION_COMMENTS = YES;
				CLANG_WARN_EMPTY_BODY = YES;
				CLANG_WARN_ENUM_CONVERSION = YES;
				CLANG_WARN_INFINITE_RECURSION = YES;
				CLANG_WARN_INT_CONVERSION = YES;
				CLANG_WARN_NON_LITERAL_NULL_CONVERSION = YES;
				CLANG_WARN_OBJC_IMPLICIT_RETAIN_SELF = YES;
				CLANG_WARN_OBJC_LITERAL_CONVERSION = YES;
				CLANG_WARN_OBJC_ROOT_CLASS = YES_ERROR;
				CLANG_WARN_QUOTED_INCLUDE_IN_FRAMEWORK_HEADER = YES;
				CLANG_WARN_RANGE_LOOP_ANALYSIS = YES;
				CLANG_WARN_STRICT_PROTOTYPES = YES;
				CLANG_WARN_SUSPICIOUS_MOVE = YES;
				CLANG_WARN_UNGUARDED_AVAILABILITY = YES_AGGRESSIVE;
				CLANG_WARN_UNREACHABLE_CODE = YES;
				CLANG_WARN__DUPLICATE_METHOD_MATCH = YES;
				COPY_PHASE_STRIP = NO;
				DEBUG_INFORMATION_FORMAT = "dwarf-with-dsym";
				ENABLE_NS_ASSERTIONS = NO;
				ENABLE_STRICT_OBJC_MSGSEND = YES;
				ENABLE_USER_SCRIPT_SANDBOXING = YES;
				GCC_C_LANGUAGE_STANDARD = gnu17;
				GCC_NO_COMMON_BLOCKS = YES;
				GCC_WARN_64_TO_32_BIT_CONVERSION = YES;
				GCC_WARN_ABOUT_RETURN_TYPE = YES_ERROR;
				GCC_WARN_UNDECLARED_SELECTOR = YES;
				GCC_WARN_UNINITIALIZED_AUTOS = YES_AGGRESSIVE;
				GCC_WARN_UNUSED_FUNCTION = YES;
				GCC_WARN_UNUSED_VARIABLE = YES;
				IPHONEOS_DEPLOYMENT_TARGET = 18.1;
				LOCALIZATION_PREFERS_STRING_CATALOGS = YES;
				MTL_ENABLE_DEBUG_INFO = NO;
				MTL_FAST_MATH = YES;
				SDKROOT = iphoneos;
				SWIFT_COMPILATION_MODE = wholemodule;
				SWIFT_EMIT_LOC_STRINGS = YES;
				VALIDATE_PRODUCT = YES;
			};
			name = Release;
		};
		FA6C53ED2CBB038A00A63670 /* Debug */ = {
			isa = XCBuildConfiguration;
			buildSettings = {
				ASSETCATALOG_COMPILER_APPICON_NAME = AppIcon;
				ASSETCATALOG_COMPILER_GLOBAL_ACCENT_COLOR_NAME = AccentColor;
				ASSETCATALOG_COMPILER_INCLUDE_ALL_APPICON_ASSETS = YES;
				CODE_SIGN_ENTITLEMENTS = SchoolHub/SchoolHub.entitlements;
				CODE_SIGN_IDENTITY = "Apple Development";
				CODE_SIGN_STYLE = Automatic;
				CURRENT_PROJECT_VERSION = 1;
				DEVELOPMENT_ASSET_PATHS = "\"SchoolHub/Preview Content\"";
				DEVELOPMENT_TEAM = 4ZW39N29FM;
				ENABLE_PREVIEWS = YES;
				GENERATE_INFOPLIST_FILE = YES;
				INFOPLIST_FILE = SchoolHub/Info.plist;
				INFOPLIST_KEY_CFBundleDisplayName = SchoolHub;
				INFOPLIST_KEY_LSApplicationCategoryType = "public.app-category.education";
				INFOPLIST_KEY_UIApplicationSceneManifest_Generation = YES;
				INFOPLIST_KEY_UIApplicationSupportsIndirectInputEvents = YES;
				INFOPLIST_KEY_UILaunchScreen_Generation = YES;
				INFOPLIST_KEY_UISupportedInterfaceOrientations_iPad = "UIInterfaceOrientationPortrait UIInterfaceOrientationPortraitUpsideDown UIInterfaceOrientationLandscapeLeft UIInterfaceOrientationLandscapeRight";
				INFOPLIST_KEY_UISupportedInterfaceOrientations_iPhone = "UIInterfaceOrientationPortrait UIInterfaceOrientationLandscapeLeft UIInterfaceOrientationLandscapeRight";
				IPHONEOS_DEPLOYMENT_TARGET = 18.0;
				LD_RUNPATH_SEARCH_PATHS = (
					"$(inherited)",
					"@executable_path/Frameworks",
				);
				MARKETING_VERSION = 1.0;
				PRODUCT_BUNDLE_IDENTIFIER = ro.attractivestar.SchoolHubMobile;
				PRODUCT_NAME = "$(TARGET_NAME)";
				PROVISIONING_PROFILE_SPECIFIER = "";
				SUPPORTED_PLATFORMS = "iphoneos iphonesimulator";
				SUPPORTS_MACCATALYST = YES;
				SUPPORTS_MAC_DESIGNED_FOR_IPHONE_IPAD = NO;
				SWIFT_EMIT_LOC_STRINGS = YES;
				SWIFT_VERSION = 5.0;
				TARGETED_DEVICE_FAMILY = "1,2";
			};
			name = Debug;
		};
		FA6C53EE2CBB038A00A63670 /* Release */ = {
			isa = XCBuildConfiguration;
			buildSettings = {
				ASSETCATALOG_COMPILER_APPICON_NAME = AppIcon;
				ASSETCATALOG_COMPILER_GLOBAL_ACCENT_COLOR_NAME = AccentColor;
				ASSETCATALOG_COMPILER_INCLUDE_ALL_APPICON_ASSETS = YES;
				CODE_SIGN_ENTITLEMENTS = SchoolHub/SchoolHub.entitlements;
				CODE_SIGN_IDENTITY = "Apple Development";
				CODE_SIGN_STYLE = Automatic;
				CURRENT_PROJECT_VERSION = 1;
				DEVELOPMENT_ASSET_PATHS = "\"SchoolHub/Preview Content\"";
				DEVELOPMENT_TEAM = 4ZW39N29FM;
				ENABLE_PREVIEWS = YES;
				GENERATE_INFOPLIST_FILE = YES;
				INFOPLIST_FILE = SchoolHub/Info.plist;
				INFOPLIST_KEY_CFBundleDisplayName = SchoolHub;
				INFOPLIST_KEY_LSApplicationCategoryType = "public.app-category.education";
				INFOPLIST_KEY_UIApplicationSceneManifest_Generation = YES;
				INFOPLIST_KEY_UIApplicationSupportsIndirectInputEvents = YES;
				INFOPLIST_KEY_UILaunchScreen_Generation = YES;
				INFOPLIST_KEY_UISupportedInterfaceOrientations_iPad = "UIInterfaceOrientationPortrait UIInterfaceOrientationPortraitUpsideDown UIInterfaceOrientationLandscapeLeft UIInterfaceOrientationLandscapeRight";
				INFOPLIST_KEY_UISupportedInterfaceOrientations_iPhone = "UIInterfaceOrientationPortrait UIInterfaceOrientationLandscapeLeft UIInterfaceOrientationLandscapeRight";
				IPHONEOS_DEPLOYMENT_TARGET = 18.0;
				LD_RUNPATH_SEARCH_PATHS = (
					"$(inherited)",
					"@executable_path/Frameworks",
				);
				MARKETING_VERSION = 1.0;
				PRODUCT_BUNDLE_IDENTIFIER = ro.attractivestar.SchoolHubMobile;
				PRODUCT_NAME = "$(TARGET_NAME)";
				PROVISIONING_PROFILE_SPECIFIER = "";
				SUPPORTED_PLATFORMS = "iphoneos iphonesimulator";
				SUPPORTS_MACCATALYST = YES;
				SUPPORTS_MAC_DESIGNED_FOR_IPHONE_IPAD = NO;
				SWIFT_EMIT_LOC_STRINGS = YES;
				SWIFT_VERSION = 5.0;
				TARGETED_DEVICE_FAMILY = "1,2";
			};
			name = Release;
		};
		FA71411F2CD76FA400CA5F8A /* Debug */ = {
			isa = XCBuildConfiguration;
			buildSettings = {
				ASSETCATALOG_COMPILER_GLOBAL_ACCENT_COLOR_NAME = AccentColor;
				ASSETCATALOG_COMPILER_WIDGET_BACKGROUND_COLOR_NAME = WidgetBackground;
				CODE_SIGN_ENTITLEMENTS = WidgetsExtension.entitlements;
				CODE_SIGN_STYLE = Automatic;
				CURRENT_PROJECT_VERSION = 1;
				DEVELOPMENT_TEAM = 4ZW39N29FM;
				GENERATE_INFOPLIST_FILE = YES;
				INFOPLIST_FILE = Widgets/Info.plist;
				INFOPLIST_KEY_CFBundleDisplayName = Widgets;
				INFOPLIST_KEY_NSHumanReadableCopyright = "";
				LD_RUNPATH_SEARCH_PATHS = (
					"$(inherited)",
					"@executable_path/Frameworks",
					"@executable_path/../../Frameworks",
				);
				MARKETING_VERSION = 1.0;
				PRODUCT_BUNDLE_IDENTIFIER = ro.attractivestar.SchoolHubMobile.Widgets;
				PRODUCT_NAME = "$(TARGET_NAME)";
				SKIP_INSTALL = YES;
				SUPPORTS_MACCATALYST = YES;
				SWIFT_EMIT_LOC_STRINGS = YES;
				SWIFT_VERSION = 5.0;
				TARGETED_DEVICE_FAMILY = "1,2";
			};
			name = Debug;
		};
		FA7141202CD76FA400CA5F8A /* Release */ = {
			isa = XCBuildConfiguration;
			buildSettings = {
				ASSETCATALOG_COMPILER_GLOBAL_ACCENT_COLOR_NAME = AccentColor;
				ASSETCATALOG_COMPILER_WIDGET_BACKGROUND_COLOR_NAME = WidgetBackground;
				CODE_SIGN_ENTITLEMENTS = WidgetsExtension.entitlements;
				CODE_SIGN_STYLE = Automatic;
				CURRENT_PROJECT_VERSION = 1;
				DEVELOPMENT_TEAM = 4ZW39N29FM;
				GENERATE_INFOPLIST_FILE = YES;
				INFOPLIST_FILE = Widgets/Info.plist;
				INFOPLIST_KEY_CFBundleDisplayName = Widgets;
				INFOPLIST_KEY_NSHumanReadableCopyright = "";
				LD_RUNPATH_SEARCH_PATHS = (
					"$(inherited)",
					"@executable_path/Frameworks",
					"@executable_path/../../Frameworks",
				);
				MARKETING_VERSION = 1.0;
				PRODUCT_BUNDLE_IDENTIFIER = ro.attractivestar.SchoolHubMobile.Widgets;
				PRODUCT_NAME = "$(TARGET_NAME)";
				SKIP_INSTALL = YES;
				SUPPORTS_MACCATALYST = YES;
				SWIFT_EMIT_LOC_STRINGS = YES;
				SWIFT_VERSION = 5.0;
				TARGETED_DEVICE_FAMILY = "1,2";
			};
			name = Release;
		};
/* End XCBuildConfiguration section */

/* Begin XCConfigurationList section */
		FA49E22D2CE0EEF200ADE397 /* Build configuration list for PBXNativeTarget "SchoolHubWatch Watch App" */ = {
			isa = XCConfigurationList;
			buildConfigurations = (
				FA49E22B2CE0EEF200ADE397 /* Debug */,
				FA49E22C2CE0EEF200ADE397 /* Release */,
			);
			defaultConfigurationIsVisible = 0;
			defaultConfigurationName = Release;
		};
		FA6C53D92CBB038900A63670 /* Build configuration list for PBXProject "SchoolHub" */ = {
			isa = XCConfigurationList;
			buildConfigurations = (
				FA6C53EA2CBB038A00A63670 /* Debug */,
				FA6C53EB2CBB038A00A63670 /* Release */,
			);
			defaultConfigurationIsVisible = 0;
			defaultConfigurationName = Release;
		};
		FA6C53EC2CBB038A00A63670 /* Build configuration list for PBXNativeTarget "SchoolHub" */ = {
			isa = XCConfigurationList;
			buildConfigurations = (
				FA6C53ED2CBB038A00A63670 /* Debug */,
				FA6C53EE2CBB038A00A63670 /* Release */,
			);
			defaultConfigurationIsVisible = 0;
			defaultConfigurationName = Release;
		};
		FA7141222CD76FA400CA5F8A /* Build configuration list for PBXNativeTarget "WidgetsExtension" */ = {
			isa = XCConfigurationList;
			buildConfigurations = (
				FA71411F2CD76FA400CA5F8A /* Debug */,
				FA7141202CD76FA400CA5F8A /* Release */,
			);
			defaultConfigurationIsVisible = 0;
			defaultConfigurationName = Release;
		};
/* End XCConfigurationList section */

/* Begin XCRemoteSwiftPackageReference section */
		FA107CBC2CC3C0C60097138E /* XCRemoteSwiftPackageReference "Alamofire" */ = {
			isa = XCRemoteSwiftPackageReference;
			repositoryURL = "https://github.com/Alamofire/Alamofire";
			requirement = {
				kind = upToNextMajorVersion;
				minimumVersion = 5.10.0;
			};
		};
		FA2AE1892CD42C7E00E09E41 /* XCRemoteSwiftPackageReference "SFSymbolsPicker" */ = {
			isa = XCRemoteSwiftPackageReference;
			repositoryURL = "https://github.com/alessiorubicini/SFSymbolsPicker";
			requirement = {
				kind = upToNextMajorVersion;
				minimumVersion = 1.0.6;
			};
		};
		FA2AE18C2CD43A4400E09E41 /* XCRemoteSwiftPackageReference "SymbolPicker" */ = {
			isa = XCRemoteSwiftPackageReference;
			repositoryURL = "https://github.com/xnth97/SymbolPicker.git";
			requirement = {
				kind = upToNextMajorVersion;
				minimumVersion = 1.5.3;
			};
		};
		FA6C53F72CBBA53D00A63670 /* XCRemoteSwiftPackageReference "SwiftLintPlugins" */ = {
			isa = XCRemoteSwiftPackageReference;
			repositoryURL = "https://github.com/SimplyDanny/SwiftLintPlugins";
			requirement = {
				kind = upToNextMajorVersion;
				minimumVersion = 0.57.0;
			};
		};
/* End XCRemoteSwiftPackageReference section */

/* Begin XCSwiftPackageProductDependency section */
		FA107CBD2CC3C0C60097138E /* Alamofire */ = {
			isa = XCSwiftPackageProductDependency;
			package = FA107CBC2CC3C0C60097138E /* XCRemoteSwiftPackageReference "Alamofire" */;
			productName = Alamofire;
		};
		FA2AE18A2CD42C7E00E09E41 /* SFSymbolsPicker */ = {
			isa = XCSwiftPackageProductDependency;
			package = FA2AE1892CD42C7E00E09E41 /* XCRemoteSwiftPackageReference "SFSymbolsPicker" */;
			productName = SFSymbolsPicker;
		};
		FA2AE18D2CD43A4400E09E41 /* SymbolPicker */ = {
			isa = XCSwiftPackageProductDependency;
			package = FA2AE18C2CD43A4400E09E41 /* XCRemoteSwiftPackageReference "SymbolPicker" */;
			productName = SymbolPicker;
		};
/* End XCSwiftPackageProductDependency section */
	};
	rootObject = FA6C53D62CBB038900A63670 /* Project object */;
}
